
Microsoft Visual Studio Solution File, Format Version 12.00
# Visual Studio Version 16
VisualStudioVersion = 16.0.30503.244
MinimumVisualStudioVersion = 10.0.40219.1
Project("{FAE04EC0-301F-11D3-BF4B-00C04F79EFBC}") = "DateTime", "DateTime\DateTime.csproj", "{FE6A07D1-2824-42C0-80EA-8623932CB11B}"
EndProject
Global
	GlobalSection(SolutionConfigurationPlatforms) = preSolution
		Debug|Any CPU = Debug|Any CPU
		Release|Any CPU = Release|Any CPU
	EndGlobalSection
	GlobalSection(ProjectConfigurationPlatforms) = postSolution
		{FE6A07D1-2824-42C0-80EA-8623932CB11B}.Debug|Any CPU.ActiveCfg = Debug|Any CPU
		{FE6A07D1-2824-42C0-80EA-8623932CB11B}.Debug|Any CPU.Build.0 = Debug|Any CPU
		{FE6A07D1-2824-42C0-80EA-8623932CB11B}.Release|Any CPU.ActiveCfg = Release|Any CPU
		{FE6A07D1-2824-42C0-80EA-8623932CB11B}.Release|Any CPU.Build.0 = Release|Any CPU
	EndGlobalSection
	GlobalSection(SolutionProperties) = preSolution
		HideSolutionNode = FALSE
	EndGlobalSection
	GlobalSection(ExtensibilityGlobals) = postSolution
		SolutionGuid = {32A02AC9-F905-4E40-A61B-310CBD6B1D95}
	EndGlobalSection
EndGlobal
